{
  "name": "iiif-trigger-lambda",
  "version": "1.1.0",
  "lockfileVersion": 2,
  "requires": true,
  "packages": {
    "": {
      "name": "iiif-trigger-lambda",
      "version": "1.1.0",
      "license": "Apache-2.0",
      "dependencies": {
        "@middy/core": "4.6.4",
        "@middy/secrets-manager": "4.6.4",
        "lodash.isstring": "^4.0.1",
        "node-fetch": "^2.3.0"
      }
    },
    "node_modules/@middy/core": {
      "version": "4.6.4",
      "resolved": "https://registry.npmjs.org/@middy/core/-/core-4.6.4.tgz",
      "integrity": "sha512-yO+z6ijOFUeXJj/SOmEy2lP0ZxGGkJyaNXSUUQZdyLeNIzHtqqCvef/eIym5WZnl4prEr76sHCv0dwEmfSwYLQ==",
      "engines": {
        "node": ">=16"
      },
      "funding": {
        "type": "github",
        "url": "https://github.com/sponsors/willfarrell"
      }
    },
    "node_modules/@middy/secrets-manager": {
      "version": "4.6.4",
      "resolved": "https://registry.npmjs.org/@middy/secrets-manager/-/secrets-manager-4.6.4.tgz",
      "integrity": "sha512-ORYsn+k9iomujAZtDOsCYtk3dAYYHtddKYul1Dc5jZvObfwJ4K8YYPZAKYf9Gz3cf5yxgDDfmW6K/1Eg6rcr6w==",
      "dependencies": {
        "@middy/util": "4.6.4"
      },
      "engines": {
        "node": ">=16"
      },
      "funding": {
        "type": "github",
        "url": "https://github.com/sponsors/willfarrell"
      }
    },
    "node_modules/@middy/util": {
      "version": "4.6.4",
      "resolved": "https://registry.npmjs.org/@middy/util/-/util-4.6.4.tgz",
      "integrity": "sha512-U9wQtmBlnHKdkTMUfdJXVkVRU0BKdXBOi3jFPalUVgZL/SlMACLyelitFUmNhfsjXBPvBdPJg7wadnAzzWRRZQ==",
      "engines": {
        "node": ">=16"
      },
      "funding": {
        "type": "github",
        "url": "https://github.com/sponsors/willfarrell"
      }
    },
    "node_modules/lodash.isstring": {
      "version": "4.0.1",
      "resolved": "https://registry.npmjs.org/lodash.isstring/-/lodash.isstring-4.0.1.tgz",
      "integrity": "sha1-1SfftUVuynzJu5XV2ur4i6VKVFE="
    },
    "node_modules/node-fetch": {
      "version": "2.6.1",
      "resolved": "https://registry.npmjs.org/node-fetch/-/node-fetch-2.6.1.tgz",
      "integrity": "sha512-V4aYg89jEoVRxRb2fJdAg8FHvI7cEyYdVAh94HH0UIK8oJxUfkjlDQN9RbMx+bEjP7+ggMiFRprSti032Oipxw==",
      "engines": {
        "node": "4.x || >=6.0.0"
      }
    }
  },
  "dependencies": {
    "@middy/core": {
      "version": "4.6.4",
      "resolved": "https://registry.npmjs.org/@middy/core/-/core-4.6.4.tgz",
      "integrity": "sha512-yO+z6ijOFUeXJj/SOmEy2lP0ZxGGkJyaNXSUUQZdyLeNIzHtqqCvef/eIym5WZnl4prEr76sHCv0dwEmfSwYLQ=="
    },
    "@middy/secrets-manager": {
      "version": "4.6.4",
      "resolved": "https://registry.npmjs.org/@middy/secrets-manager/-/secrets-manager-4.6.4.tgz",
      "integrity": "sha512-ORYsn+k9iomujAZtDOsCYtk3dAYYHtddKYul1Dc5jZvObfwJ4K8YYPZAKYf9Gz3cf5yxgDDfmW6K/1Eg6rcr6w==",
      "requires": {
        "@middy/util": "4.6.4"
      }
    },
    "@middy/util": {
      "version": "4.6.4",
      "resolved": "https://registry.npmjs.org/@middy/util/-/util-4.6.4.tgz",
      "integrity": "sha512-U9wQtmBlnHKdkTMUfdJXVkVRU0BKdXBOi3jFPalUVgZL/SlMACLyelitFUmNhfsjXBPvBdPJg7wadnAzzWRRZQ=="
    },
    "lodash.isstring": {
      "version": "4.0.1",
      "resolved": "https://registry.npmjs.org/lodash.isstring/-/lodash.isstring-4.0.1.tgz",
      "integrity": "sha1-1SfftUVuynzJu5XV2ur4i6VKVFE="
    },
    "node-fetch": {
      "version": "2.6.1",
      "resolved": "https://registry.npmjs.org/node-fetch/-/node-fetch-2.6.1.tgz",
      "integrity": "sha512-V4aYg89jEoVRxRb2fJdAg8FHvI7cEyYdVAh94HH0UIK8oJxUfkjlDQN9RbMx+bEjP7+ggMiFRprSti032Oipxw=="
    }
  }
}
